
Microsoft Visual Studio Solution File, Format Version 12.00
# Visual Studio Version 16
VisualStudioVersion = 16.0.32630.194
MinimumVisualStudioVersion = 10.0.40219.1
Project("{FAE04EC0-301F-11D3-BF4B-00C04F79EFBC}") = "GestaoDeClientes", "GestaoDeClientes\GestaoDeClientes.csproj", "{05D46949-9479-42C6-BE92-6E54BB66A1FB}"
EndProject
Global
	GlobalSection(SolutionConfigurationPlatforms) = preSolution
		Debug|Any CPU = Debug|Any CPU
		Release|Any CPU = Release|Any CPU
	EndGlobalSection
	GlobalSection(ProjectConfigurationPlatforms) = postSolution
		{05D46949-9479-42C6-BE92-6E54BB66A1FB}.Debug|Any CPU.ActiveCfg = Debug|Any CPU
		{05D46949-9479-42C6-BE92-6E54BB66A1FB}.Debug|Any CPU.Build.0 = Debug|Any CPU
		{05D46949-9479-42C6-BE92-6E54BB66A1FB}.Release|Any CPU.ActiveCfg = Release|Any CPU
		{05D46949-9479-42C6-BE92-6E54BB66A1FB}.Release|Any CPU.Build.0 = Release|Any CPU
	EndGlobalSection
	GlobalSection(SolutionProperties) = preSolution
		HideSolutionNode = FALSE
	EndGlobalSection
	GlobalSection(ExtensibilityGlobals) = postSolution
		SolutionGuid = {891DEB7E-7AC6-4316-A5D0-6403C82D8DC2}
	EndGlobalSection
EndGlobal
